{
  "lockfileVersion": 1,
  "configVersion": 1,
  "workspaces": {
    "": {
      "name": "cs2-rainbow-crosshair",
      "devDependencies": {
        "@biomejs/biome": "^2.3.14",
        "@types/bun": "latest",
        "typescript": "^5",
      },
    },
  },
  "packages": {
    "@biomejs/biome": ["@biomejs/biome@2.4.11", "", { "optionalDependencies": { "@biomejs/cli-darwin-arm64": "2.4.11", "@biomejs/cli-darwin-x64": "2.4.11", "@biomejs/cli-linux-arm64": "2.4.11", "@biomejs/cli-linux-arm64-musl": "2.4.11", "@biomejs/cli-linux-x64": "2.4.11", "@biomejs/cli-linux-x64-musl": "2.4.11", "@biomejs/cli-win32-arm64": "2.4.11", "@biomejs/cli-win32-x64": "2.4.11" }, "bin": { "biome": "bin/biome" } }, "sha512-nWxHX8tf3Opb/qRgZpBbsTOqOodkbrkJ7S+JxJAruxOReaDPPmPuLBAGQ8vigyUgo0QBB+oQltNEAvalLcjggA=="],

    "@biomejs/cli-darwin-arm64": ["@biomejs/cli-darwin-arm64@2.4.11", "", { "os": "darwin", "cpu": "arm64" }, "sha512-wOt+ed+L2dgZanWyL6i29qlXMc088N11optzpo10peayObBaAshbTcxKUchzEMp9QSY8rh5h6VfAFE3WTS1rqg=="],

    "@biomejs/cli-darwin-x64": ["@biomejs/cli-darwin-x64@2.4.11", "", { "os": "darwin", "cpu": "x64" }, "sha512-gZ6zR8XmZlExfi/Pz/PffmdpWOQ8Qhy7oBztgkR8/ylSRyLwfRPSadmiVCV8WQ8PoJ2MWUy2fgID9zmtgUUJmw=="],

    "@biomejs/cli-linux-arm64": ["@biomejs/cli-linux-arm64@2.4.11", "", { "os": "linux", "cpu": "arm64" }, "sha512-avdJaEElXrKceK0va9FkJ4P5ci3N01TGkc6ni3P8l3BElqbOz42Wg2IyX3gbh0ZLEd4HVKEIrmuVu/AMuSeFFA=="],

    "@biomejs/cli-linux-arm64-musl": ["@biomejs/cli-linux-arm64-musl@2.4.11", "", { "os": "linux", "cpu": "arm64" }, "sha512-+Sbo1OAmlegtdwqFE8iOxFIWLh1B3OEgsuZfBpyyN/kWuqZ8dx9ZEes6zVnDMo+zRHF2wLynRVhoQmV7ohxl2Q=="],

    "@biomejs/cli-linux-x64": ["@biomejs/cli-linux-x64@2.4.11", "", { "os": "linux", "cpu": "x64" }, "sha512-TagWV0iomp5LnEnxWFg4nQO+e52Fow349vaX0Q/PIcX6Zhk4GGBgp3qqZ8PVkpC+cuehRctMf3+6+FgQ8jCEFQ=="],

    "@biomejs/cli-linux-x64-musl": ["@biomejs/cli-linux-x64-musl@2.4.11", "", { "os": "linux", "cpu": "x64" }, "sha512-bexd2IklK7ZgPhrz6jXzpIL6dEAH9MlJU1xGTrypx+FICxrXUp4CqtwfiuoDKse+UlgAlWtzML3jrMqeEAHEhA=="],

    "@biomejs/cli-win32-arm64": ["@biomejs/cli-win32-arm64@2.4.11", "", { "os": "win32", "cpu": "arm64" }, "sha512-RJhaTnY8byzxDt4bDVb7AFPHkPcjOPK3xBip4ZRTrN3TEfyhjLRm3r3mqknqydgVTB74XG8l4jMLwEACEeihVg=="],

    "@biomejs/cli-win32-x64": ["@biomejs/cli-win32-x64@2.4.11", "", { "os": "win32", "cpu": "x64" }, "sha512-A8D3JM/00C2KQgUV3oj8Ba15EHEYwebAGCy5Sf9GAjr5Y3+kJIYOiESoqRDeuRZueuMdCsbLZIUqmPhpYXJE9A=="],

    "@types/bun": ["@types/bun@1.3.12", "", { "dependencies": { "bun-types": "1.3.12" } }, "sha512-DBv81elK+/VSwXHDlnH3Qduw+KxkTIWi7TXkAeh24zpi5l0B2kUg9Ga3tb4nJaPcOFswflgi/yAvMVBPrxMB+A=="],

    "@types/node": ["@types/node@25.2.1", "", { "dependencies": { "undici-types": "~7.16.0" } }, "sha512-CPrnr8voK8vC6eEtyRzvMpgp3VyVRhgclonE7qYi6P9sXwYb59ucfrnmFBTaP0yUi8Gk4yZg/LlTJULGxvTNsg=="],

    "bun-types": ["bun-types@1.3.12", "", { "dependencies": { "@types/node": "*" } }, "sha512-HqOLj5PoFajAQciOMRiIZGNoKxDJSr6qigAttOX40vJuSp6DN/CxWp9s3C1Xwm4oH7ybueITwiaOcWXoYVoRkA=="],

    "typescript": ["typescript@5.9.3", "", { "bin": { "tsc": "bin/tsc", "tsserver": "bin/tsserver" } }, "sha512-jl1vZzPDinLr9eUt3J/t7V6FgNEw9QjvBPdysz9KfQDD41fQrC2Y4vKQdiaUpFT4bXlb1RHhLpp8wtm6M5TgSw=="],

    "undici-types": ["undici-types@7.16.0", "", {}, "sha512-Zz+aZWSj8LE6zoxD+xrjh4VfkIG8Ya6LvYkZqtUQGJPZjYl53ypCaUwWqo7eI0x66KBGeRo+mlBEkMSeSZ38Nw=="],
  }
}
